
Microsoft Visual Studio Solution File, Format Version 12.00
# Visual Studio Version 17
VisualStudioVersion = 17.3.32825.248
MinimumVisualStudioVersion = 10.0.40219.1
Project("{FAE04EC0-301F-11D3-BF4B-00C04F79EFBC}") = "Devs2Blu.ExercicioApi.API", "Devs2Blu.ExercicioApi.API\Devs2Blu.ExercicioApi.API.csproj", "{95962BC9-3530-479A-94B5-F9450C8C0E8F}"
EndProject
Project("{FAE04EC0-301F-11D3-BF4B-00C04F79EFBC}") = "Devs2Blu.ExercicioApi.Services", "Devs2Blu.ExercicioApi.Services\Devs2Blu.ExercicioApi.Services.csproj", "{C38728EE-6AC3-4F6E-A908-D52007AF40E3}"
EndProject
Project("{FAE04EC0-301F-11D3-BF4B-00C04F79EFBC}") = "Devs2Blu.ExercicioApi.Data", "Devs2Blu.ExercicioApi.Data\Devs2Blu.ExercicioApi.Data.csproj", "{CEDB8C70-3100-4D3A-B243-8E6F1B1D200C}"
EndProject
Project("{FAE04EC0-301F-11D3-BF4B-00C04F79EFBC}") = "Devs2Blu.ExercicioApi.Domain", "Devs2Blu.ExercicioApi.Domain\Devs2Blu.ExercicioApi.Domain.csproj", "{90F1938C-FD24-42F3-AA30-E8277382269E}"
EndProject
Global
	GlobalSection(SolutionConfigurationPlatforms) = preSolution
		Debug|Any CPU = Debug|Any CPU
		Release|Any CPU = Release|Any CPU
	EndGlobalSection
	GlobalSection(ProjectConfigurationPlatforms) = postSolution
		{95962BC9-3530-479A-94B5-F9450C8C0E8F}.Debug|Any CPU.ActiveCfg = Debug|Any CPU
		{95962BC9-3530-479A-94B5-F9450C8C0E8F}.Debug|Any CPU.Build.0 = Debug|Any CPU
		{95962BC9-3530-479A-94B5-F9450C8C0E8F}.Release|Any CPU.ActiveCfg = Release|Any CPU
		{95962BC9-3530-479A-94B5-F9450C8C0E8F}.Release|Any CPU.Build.0 = Release|Any CPU
		{C38728EE-6AC3-4F6E-A908-D52007AF40E3}.Debug|Any CPU.ActiveCfg = Debug|Any CPU
		{C38728EE-6AC3-4F6E-A908-D52007AF40E3}.Debug|Any CPU.Build.0 = Debug|Any CPU
		{C38728EE-6AC3-4F6E-A908-D52007AF40E3}.Release|Any CPU.ActiveCfg = Release|Any CPU
		{C38728EE-6AC3-4F6E-A908-D52007AF40E3}.Release|Any CPU.Build.0 = Release|Any CPU
		{CEDB8C70-3100-4D3A-B243-8E6F1B1D200C}.Debug|Any CPU.ActiveCfg = Debug|Any CPU
		{CEDB8C70-3100-4D3A-B243-8E6F1B1D200C}.Debug|Any CPU.Build.0 = Debug|Any CPU
		{CEDB8C70-3100-4D3A-B243-8E6F1B1D200C}.Release|Any CPU.ActiveCfg = Release|Any CPU
		{CEDB8C70-3100-4D3A-B243-8E6F1B1D200C}.Release|Any CPU.Build.0 = Release|Any CPU
		{90F1938C-FD24-42F3-AA30-E8277382269E}.Debug|Any CPU.ActiveCfg = Debug|Any CPU
		{90F1938C-FD24-42F3-AA30-E8277382269E}.Debug|Any CPU.Build.0 = Debug|Any CPU
		{90F1938C-FD24-42F3-AA30-E8277382269E}.Release|Any CPU.ActiveCfg = Release|Any CPU
		{90F1938C-FD24-42F3-AA30-E8277382269E}.Release|Any CPU.Build.0 = Release|Any CPU
	EndGlobalSection
	GlobalSection(SolutionProperties) = preSolution
		HideSolutionNode = FALSE
	EndGlobalSection
	GlobalSection(ExtensibilityGlobals) = postSolution
		SolutionGuid = {E8F56EAC-8080-48AE-B29B-D60CB2178D16}
	EndGlobalSection
EndGlobal
